
Microsoft Visual Studio Solution File, Format Version 12.00
# Visual Studio Version 16
VisualStudioVersion = 16.0.33423.256
MinimumVisualStudioVersion = 10.0.40219.1
Project("{FAE04EC0-301F-11D3-BF4B-00C04F79EFBC}") = "SchoolManagement_SIT326", "SchoolManagement_SIT326\SchoolManagement_SIT326.csproj", "{277EAFF7-19A9-46C3-90E8-2EDD3FF75509}"
EndProject
Project("{FAE04EC0-301F-11D3-BF4B-00C04F79EFBC}") = "SchoolManagement_SIT326.Helpers", "SchoolManagement_SIT326.Helpers\SchoolManagement_SIT326.Helpers.csproj", "{1B45CB14-2473-4B4F-B866-631477F029C4}"
EndProject
Project("{FAE04EC0-301F-11D3-BF4B-00C04F79EFBC}") = "SchoolManagement_SIT326.Models", "SchoolManagement_SIT326.Models\SchoolManagement_SIT326.Models.csproj", "{093BA226-D169-4781-BF87-21CA5D22DFEA}"
EndProject
Global
	GlobalSection(SolutionConfigurationPlatforms) = preSolution
		Debug|Any CPU = Debug|Any CPU
		Release|Any CPU = Release|Any CPU
	EndGlobalSection
	GlobalSection(ProjectConfigurationPlatforms) = postSolution
		{277EAFF7-19A9-46C3-90E8-2EDD3FF75509}.Debug|Any CPU.ActiveCfg = Debug|Any CPU
		{277EAFF7-19A9-46C3-90E8-2EDD3FF75509}.Debug|Any CPU.Build.0 = Debug|Any CPU
		{277EAFF7-19A9-46C3-90E8-2EDD3FF75509}.Release|Any CPU.ActiveCfg = Release|Any CPU
		{277EAFF7-19A9-46C3-90E8-2EDD3FF75509}.Release|Any CPU.Build.0 = Release|Any CPU
		{1B45CB14-2473-4B4F-B866-631477F029C4}.Debug|Any CPU.ActiveCfg = Debug|Any CPU
		{1B45CB14-2473-4B4F-B866-631477F029C4}.Debug|Any CPU.Build.0 = Debug|Any CPU
		{1B45CB14-2473-4B4F-B866-631477F029C4}.Release|Any CPU.ActiveCfg = Release|Any CPU
		{1B45CB14-2473-4B4F-B866-631477F029C4}.Release|Any CPU.Build.0 = Release|Any CPU
		{093BA226-D169-4781-BF87-21CA5D22DFEA}.Debug|Any CPU.ActiveCfg = Debug|Any CPU
		{093BA226-D169-4781-BF87-21CA5D22DFEA}.Debug|Any CPU.Build.0 = Debug|Any CPU
		{093BA226-D169-4781-BF87-21CA5D22DFEA}.Release|Any CPU.ActiveCfg = Release|Any CPU
		{093BA226-D169-4781-BF87-21CA5D22DFEA}.Release|Any CPU.Build.0 = Release|Any CPU
	EndGlobalSection
	GlobalSection(SolutionProperties) = preSolution
		HideSolutionNode = FALSE
	EndGlobalSection
	GlobalSection(ExtensibilityGlobals) = postSolution
		SolutionGuid = {DD6A2B6C-4F94-46FF-83C4-BF6583121712}
	EndGlobalSection
EndGlobal
