
Microsoft Visual Studio Solution File, Format Version 12.00
# Visual Studio Version 16
VisualStudioVersion = 16.0.33423.256
MinimumVisualStudioVersion = 10.0.40219.1
Project("{FAE04EC0-301F-11D3-BF4B-00C04F79EFBC}") = "SchoolManagement_SIT326", "SchoolManagement_SIT326\SchoolManagement_SIT326.csproj", "{CE5ADB83-F973-4D58-BBBD-040776AB0637}"
EndProject
Project("{FAE04EC0-301F-11D3-BF4B-00C04F79EFBC}") = "SchoolManagement_SIT326.Helpers", "SchoolManagement_SIT326.Helpers\SchoolManagement_SIT326.Helpers.csproj", "{C0DADE2D-955C-4559-9CCD-FD8008B0F8DE}"
EndProject
Project("{FAE04EC0-301F-11D3-BF4B-00C04F79EFBC}") = "SchoolManagement_SIT326.Models", "SchoolManagement_SIT326.Models\SchoolManagement_SIT326.Models.csproj", "{089436BB-3968-4842-AA71-55E10E49355F}"
EndProject
Project("{FAE04EC0-301F-11D3-BF4B-00C04F79EFBC}") = "SchoolManagement_SIT326.Repositories", "SchoolManagement_SIT326.Repositories\SchoolManagement_SIT326.Repositories.csproj", "{F2EDB59A-F46F-452F-9939-67919427A7D5}"
EndProject
Global
	GlobalSection(SolutionConfigurationPlatforms) = preSolution
		Debug|Any CPU = Debug|Any CPU
		Release|Any CPU = Release|Any CPU
	EndGlobalSection
	GlobalSection(ProjectConfigurationPlatforms) = postSolution
		{CE5ADB83-F973-4D58-BBBD-040776AB0637}.Debug|Any CPU.ActiveCfg = Debug|Any CPU
		{CE5ADB83-F973-4D58-BBBD-040776AB0637}.Debug|Any CPU.Build.0 = Debug|Any CPU
		{CE5ADB83-F973-4D58-BBBD-040776AB0637}.Release|Any CPU.ActiveCfg = Release|Any CPU
		{CE5ADB83-F973-4D58-BBBD-040776AB0637}.Release|Any CPU.Build.0 = Release|Any CPU
		{C0DADE2D-955C-4559-9CCD-FD8008B0F8DE}.Debug|Any CPU.ActiveCfg = Debug|Any CPU
		{C0DADE2D-955C-4559-9CCD-FD8008B0F8DE}.Debug|Any CPU.Build.0 = Debug|Any CPU
		{C0DADE2D-955C-4559-9CCD-FD8008B0F8DE}.Release|Any CPU.ActiveCfg = Release|Any CPU
		{C0DADE2D-955C-4559-9CCD-FD8008B0F8DE}.Release|Any CPU.Build.0 = Release|Any CPU
		{089436BB-3968-4842-AA71-55E10E49355F}.Debug|Any CPU.ActiveCfg = Debug|Any CPU
		{089436BB-3968-4842-AA71-55E10E49355F}.Debug|Any CPU.Build.0 = Debug|Any CPU
		{089436BB-3968-4842-AA71-55E10E49355F}.Release|Any CPU.ActiveCfg = Release|Any CPU
		{089436BB-3968-4842-AA71-55E10E49355F}.Release|Any CPU.Build.0 = Release|Any CPU
		{F2EDB59A-F46F-452F-9939-67919427A7D5}.Debug|Any CPU.ActiveCfg = Debug|Any CPU
		{F2EDB59A-F46F-452F-9939-67919427A7D5}.Debug|Any CPU.Build.0 = Debug|Any CPU
		{F2EDB59A-F46F-452F-9939-67919427A7D5}.Release|Any CPU.ActiveCfg = Release|Any CPU
		{F2EDB59A-F46F-452F-9939-67919427A7D5}.Release|Any CPU.Build.0 = Release|Any CPU
	EndGlobalSection
	GlobalSection(SolutionProperties) = preSolution
		HideSolutionNode = FALSE
	EndGlobalSection
	GlobalSection(ExtensibilityGlobals) = postSolution
		SolutionGuid = {887A5E38-83FC-4B70-BB10-630CA51E50DB}
	EndGlobalSection
EndGlobal
