
Microsoft Visual Studio Solution File, Format Version 12.00
# Visual Studio Version 17
VisualStudioVersion = 17.6.33815.320
MinimumVisualStudioVersion = 10.0.40219.1
Project("{FAE04EC0-301F-11D3-BF4B-00C04F79EFBC}") = "TrainingCoreProject", "TrainingCoreProject\TrainingCoreProject.csproj", "{7CF4DFD4-FBF9-4FFE-B702-021F193C46AA}"
EndProject
Project("{FAE04EC0-301F-11D3-BF4B-00C04F79EFBC}") = "TrainingCoreProject.Common", "TrainingCoreProject.Common\TrainingCoreProject.Common.csproj", "{6C988E23-5E02-4552-9312-A67EAC3427AF}"
EndProject
Project("{FAE04EC0-301F-11D3-BF4B-00C04F79EFBC}") = "TrainingCoreProject.Data", "TrainingCoreProject.Data\TrainingCoreProject.Data.csproj", "{EA707AF7-3725-4B0E-8BF5-CA437BDBADEA}"
EndProject
Project("{FAE04EC0-301F-11D3-BF4B-00C04F79EFBC}") = "TrainingCoreProject.Model", "TrainingCoreProject.Model\TrainingCoreProject.Model.csproj", "{42E6AAF9-C45F-495C-8943-482D8B067F7F}"
EndProject
Project("{FAE04EC0-301F-11D3-BF4B-00C04F79EFBC}") = "TrainingCoreProject.Services", "TrainingCoreProject.Services\TrainingCoreProject.Services.csproj", "{32639996-36CC-4CC8-91A9-42FE38FF098F}"
EndProject
Global
	GlobalSection(SolutionConfigurationPlatforms) = preSolution
		Debug|Any CPU = Debug|Any CPU
		Release|Any CPU = Release|Any CPU
	EndGlobalSection
	GlobalSection(ProjectConfigurationPlatforms) = postSolution
		{7CF4DFD4-FBF9-4FFE-B702-021F193C46AA}.Debug|Any CPU.ActiveCfg = Debug|Any CPU
		{7CF4DFD4-FBF9-4FFE-B702-021F193C46AA}.Debug|Any CPU.Build.0 = Debug|Any CPU
		{7CF4DFD4-FBF9-4FFE-B702-021F193C46AA}.Release|Any CPU.ActiveCfg = Release|Any CPU
		{7CF4DFD4-FBF9-4FFE-B702-021F193C46AA}.Release|Any CPU.Build.0 = Release|Any CPU
		{6C988E23-5E02-4552-9312-A67EAC3427AF}.Debug|Any CPU.ActiveCfg = Debug|Any CPU
		{6C988E23-5E02-4552-9312-A67EAC3427AF}.Debug|Any CPU.Build.0 = Debug|Any CPU
		{6C988E23-5E02-4552-9312-A67EAC3427AF}.Release|Any CPU.ActiveCfg = Release|Any CPU
		{6C988E23-5E02-4552-9312-A67EAC3427AF}.Release|Any CPU.Build.0 = Release|Any CPU
		{EA707AF7-3725-4B0E-8BF5-CA437BDBADEA}.Debug|Any CPU.ActiveCfg = Debug|Any CPU
		{EA707AF7-3725-4B0E-8BF5-CA437BDBADEA}.Debug|Any CPU.Build.0 = Debug|Any CPU
		{EA707AF7-3725-4B0E-8BF5-CA437BDBADEA}.Release|Any CPU.ActiveCfg = Release|Any CPU
		{EA707AF7-3725-4B0E-8BF5-CA437BDBADEA}.Release|Any CPU.Build.0 = Release|Any CPU
		{42E6AAF9-C45F-495C-8943-482D8B067F7F}.Debug|Any CPU.ActiveCfg = Debug|Any CPU
		{42E6AAF9-C45F-495C-8943-482D8B067F7F}.Debug|Any CPU.Build.0 = Debug|Any CPU
		{42E6AAF9-C45F-495C-8943-482D8B067F7F}.Release|Any CPU.ActiveCfg = Release|Any CPU
		{42E6AAF9-C45F-495C-8943-482D8B067F7F}.Release|Any CPU.Build.0 = Release|Any CPU
		{32639996-36CC-4CC8-91A9-42FE38FF098F}.Debug|Any CPU.ActiveCfg = Debug|Any CPU
		{32639996-36CC-4CC8-91A9-42FE38FF098F}.Debug|Any CPU.Build.0 = Debug|Any CPU
		{32639996-36CC-4CC8-91A9-42FE38FF098F}.Release|Any CPU.ActiveCfg = Release|Any CPU
		{32639996-36CC-4CC8-91A9-42FE38FF098F}.Release|Any CPU.Build.0 = Release|Any CPU
	EndGlobalSection
	GlobalSection(SolutionProperties) = preSolution
		HideSolutionNode = FALSE
	EndGlobalSection
	GlobalSection(ExtensibilityGlobals) = postSolution
		SolutionGuid = {CAF56B95-3A14-4FD1-9358-09DA222FCC5A}
	EndGlobalSection
EndGlobal
