
Microsoft Visual Studio Solution File, Format Version 12.00
# Visual Studio Version 17
VisualStudioVersion = 17.6.33815.320
MinimumVisualStudioVersion = 10.0.40219.1
Project("{FAE04EC0-301F-11D3-BF4B-00C04F79EFBC}") = "WebApiCoreRepos", "WebApiCoreRepos\WebApiCoreRepos.csproj", "{AFD4D8EF-1E9E-443E-9496-0ACD0EA9207B}"
EndProject
Project("{FAE04EC0-301F-11D3-BF4B-00C04F79EFBC}") = "WebApiCoreRepos.Common", "WebApiCoreRepos.Common\WebApiCoreRepos.Common.csproj", "{511A058B-EEE9-4C43-9629-5A3B268AA6E8}"
EndProject
Project("{FAE04EC0-301F-11D3-BF4B-00C04F79EFBC}") = "WebApiCoreRepos.Data", "WebApiCoreRepos.Data\WebApiCoreRepos.Data.csproj", "{94597303-F2FD-448F-98BB-AD08BAB4DB7F}"
EndProject
Project("{FAE04EC0-301F-11D3-BF4B-00C04F79EFBC}") = "WebApiCoreRepos.Model", "WebApiCoreRepos.Model\WebApiCoreRepos.Model.csproj", "{C43AD2A2-872F-49D9-BB19-C8DC26987B8D}"
EndProject
Project("{FAE04EC0-301F-11D3-BF4B-00C04F79EFBC}") = "WebApiCoreRepos.Services", "WebApiCoreRepos.Services\WebApiCoreRepos.Services.csproj", "{ECCF85DA-57FE-43A2-9D7B-B45025B56B5F}"
EndProject
Global
	GlobalSection(SolutionConfigurationPlatforms) = preSolution
		Debug|Any CPU = Debug|Any CPU
		Release|Any CPU = Release|Any CPU
	EndGlobalSection
	GlobalSection(ProjectConfigurationPlatforms) = postSolution
		{AFD4D8EF-1E9E-443E-9496-0ACD0EA9207B}.Debug|Any CPU.ActiveCfg = Debug|Any CPU
		{AFD4D8EF-1E9E-443E-9496-0ACD0EA9207B}.Debug|Any CPU.Build.0 = Debug|Any CPU
		{AFD4D8EF-1E9E-443E-9496-0ACD0EA9207B}.Release|Any CPU.ActiveCfg = Release|Any CPU
		{AFD4D8EF-1E9E-443E-9496-0ACD0EA9207B}.Release|Any CPU.Build.0 = Release|Any CPU
		{511A058B-EEE9-4C43-9629-5A3B268AA6E8}.Debug|Any CPU.ActiveCfg = Debug|Any CPU
		{511A058B-EEE9-4C43-9629-5A3B268AA6E8}.Debug|Any CPU.Build.0 = Debug|Any CPU
		{511A058B-EEE9-4C43-9629-5A3B268AA6E8}.Release|Any CPU.ActiveCfg = Release|Any CPU
		{511A058B-EEE9-4C43-9629-5A3B268AA6E8}.Release|Any CPU.Build.0 = Release|Any CPU
		{94597303-F2FD-448F-98BB-AD08BAB4DB7F}.Debug|Any CPU.ActiveCfg = Debug|Any CPU
		{94597303-F2FD-448F-98BB-AD08BAB4DB7F}.Debug|Any CPU.Build.0 = Debug|Any CPU
		{94597303-F2FD-448F-98BB-AD08BAB4DB7F}.Release|Any CPU.ActiveCfg = Release|Any CPU
		{94597303-F2FD-448F-98BB-AD08BAB4DB7F}.Release|Any CPU.Build.0 = Release|Any CPU
		{C43AD2A2-872F-49D9-BB19-C8DC26987B8D}.Debug|Any CPU.ActiveCfg = Debug|Any CPU
		{C43AD2A2-872F-49D9-BB19-C8DC26987B8D}.Debug|Any CPU.Build.0 = Debug|Any CPU
		{C43AD2A2-872F-49D9-BB19-C8DC26987B8D}.Release|Any CPU.ActiveCfg = Release|Any CPU
		{C43AD2A2-872F-49D9-BB19-C8DC26987B8D}.Release|Any CPU.Build.0 = Release|Any CPU
		{ECCF85DA-57FE-43A2-9D7B-B45025B56B5F}.Debug|Any CPU.ActiveCfg = Debug|Any CPU
		{ECCF85DA-57FE-43A2-9D7B-B45025B56B5F}.Debug|Any CPU.Build.0 = Debug|Any CPU
		{ECCF85DA-57FE-43A2-9D7B-B45025B56B5F}.Release|Any CPU.ActiveCfg = Release|Any CPU
		{ECCF85DA-57FE-43A2-9D7B-B45025B56B5F}.Release|Any CPU.Build.0 = Release|Any CPU
	EndGlobalSection
	GlobalSection(SolutionProperties) = preSolution
		HideSolutionNode = FALSE
	EndGlobalSection
	GlobalSection(ExtensibilityGlobals) = postSolution
		SolutionGuid = {223AE8B0-0CFB-4F5C-8F40-9A3AEA7EC50F}
	EndGlobalSection
EndGlobal
