
Microsoft Visual Studio Solution File, Format Version 12.00
# Visual Studio Version 16
VisualStudioVersion = 16.0.33423.256
MinimumVisualStudioVersion = 10.0.40219.1
Project("{FAE04EC0-301F-11D3-BF4B-00C04F79EFBC}") = "School_326", "School_326\School_326.csproj", "{8F7D3574-16AF-4AE9-971E-1E67E71D1C56}"
EndProject
Project("{FAE04EC0-301F-11D3-BF4B-00C04F79EFBC}") = "School_326.Helpers", "School_326.Helpers\School_326.Helpers.csproj", "{B449410E-8D6D-4CD0-83D5-FAF23AC718EE}"
EndProject
Project("{FAE04EC0-301F-11D3-BF4B-00C04F79EFBC}") = "School_326.Models", "School_326.Models\School_326.Models.csproj", "{4B40C6BC-1017-42BB-BC8D-42CD81ECCF44}"
EndProject
Project("{FAE04EC0-301F-11D3-BF4B-00C04F79EFBC}") = "School_326.Repository", "School_326.Repository\School_326.Repository.csproj", "{8E31362A-247B-4076-94BA-9CD723B9B1CA}"
EndProject
Project("{FAE04EC0-301F-11D3-BF4B-00C04F79EFBC}") = "WEBAPI", "WEBAPI\WEBAPI.csproj", "{67CF4A01-DB5D-48D7-BEFC-36C9F651C1BA}"
EndProject
Global
	GlobalSection(SolutionConfigurationPlatforms) = preSolution
		Debug|Any CPU = Debug|Any CPU
		Release|Any CPU = Release|Any CPU
	EndGlobalSection
	GlobalSection(ProjectConfigurationPlatforms) = postSolution
		{8F7D3574-16AF-4AE9-971E-1E67E71D1C56}.Debug|Any CPU.ActiveCfg = Debug|Any CPU
		{8F7D3574-16AF-4AE9-971E-1E67E71D1C56}.Debug|Any CPU.Build.0 = Debug|Any CPU
		{8F7D3574-16AF-4AE9-971E-1E67E71D1C56}.Release|Any CPU.ActiveCfg = Release|Any CPU
		{8F7D3574-16AF-4AE9-971E-1E67E71D1C56}.Release|Any CPU.Build.0 = Release|Any CPU
		{B449410E-8D6D-4CD0-83D5-FAF23AC718EE}.Debug|Any CPU.ActiveCfg = Debug|Any CPU
		{B449410E-8D6D-4CD0-83D5-FAF23AC718EE}.Debug|Any CPU.Build.0 = Debug|Any CPU
		{B449410E-8D6D-4CD0-83D5-FAF23AC718EE}.Release|Any CPU.ActiveCfg = Release|Any CPU
		{B449410E-8D6D-4CD0-83D5-FAF23AC718EE}.Release|Any CPU.Build.0 = Release|Any CPU
		{4B40C6BC-1017-42BB-BC8D-42CD81ECCF44}.Debug|Any CPU.ActiveCfg = Debug|Any CPU
		{4B40C6BC-1017-42BB-BC8D-42CD81ECCF44}.Debug|Any CPU.Build.0 = Debug|Any CPU
		{4B40C6BC-1017-42BB-BC8D-42CD81ECCF44}.Release|Any CPU.ActiveCfg = Release|Any CPU
		{4B40C6BC-1017-42BB-BC8D-42CD81ECCF44}.Release|Any CPU.Build.0 = Release|Any CPU
		{8E31362A-247B-4076-94BA-9CD723B9B1CA}.Debug|Any CPU.ActiveCfg = Debug|Any CPU
		{8E31362A-247B-4076-94BA-9CD723B9B1CA}.Debug|Any CPU.Build.0 = Debug|Any CPU
		{8E31362A-247B-4076-94BA-9CD723B9B1CA}.Release|Any CPU.ActiveCfg = Release|Any CPU
		{8E31362A-247B-4076-94BA-9CD723B9B1CA}.Release|Any CPU.Build.0 = Release|Any CPU
		{67CF4A01-DB5D-48D7-BEFC-36C9F651C1BA}.Debug|Any CPU.ActiveCfg = Debug|Any CPU
		{67CF4A01-DB5D-48D7-BEFC-36C9F651C1BA}.Debug|Any CPU.Build.0 = Debug|Any CPU
		{67CF4A01-DB5D-48D7-BEFC-36C9F651C1BA}.Release|Any CPU.ActiveCfg = Release|Any CPU
		{67CF4A01-DB5D-48D7-BEFC-36C9F651C1BA}.Release|Any CPU.Build.0 = Release|Any CPU
	EndGlobalSection
	GlobalSection(SolutionProperties) = preSolution
		HideSolutionNode = FALSE
	EndGlobalSection
	GlobalSection(ExtensibilityGlobals) = postSolution
		SolutionGuid = {854477CC-0045-4894-A5E3-0B1C0B5F15E4}
	EndGlobalSection
EndGlobal
